
Microsoft Visual Studio Solution File, Format Version 12.00
# Visual Studio Version 16
VisualStudioVersion = 16.0.30320.27
MinimumVisualStudioVersion = 10.0.40219.1
Project("{FAE04EC0-301F-11D3-BF4B-00C04F79EFBC}") = "Etsy.T-Shirt_Store.Web", "Batch_3_Review-1\Etsy.T-Shirt_Store.Web.csproj", "{A7D96317-9A9E-412F-8E0E-AF6E536A0D62}"
EndProject
Global
	GlobalSection(SolutionConfigurationPlatforms) = preSolution
		Debug|Any CPU = Debug|Any CPU
		Release|Any CPU = Release|Any CPU
	EndGlobalSection
	GlobalSection(ProjectConfigurationPlatforms) = postSolution
		{A7D96317-9A9E-412F-8E0E-AF6E536A0D62}.Debug|Any CPU.ActiveCfg = Debug|Any CPU
		{A7D96317-9A9E-412F-8E0E-AF6E536A0D62}.Debug|Any CPU.Build.0 = Debug|Any CPU
		{A7D96317-9A9E-412F-8E0E-AF6E536A0D62}.Release|Any CPU.ActiveCfg = Release|Any CPU
		{A7D96317-9A9E-412F-8E0E-AF6E536A0D62}.Release|Any CPU.Build.0 = Release|Any CPU
	EndGlobalSection
	GlobalSection(SolutionProperties) = preSolution
		HideSolutionNode = FALSE
	EndGlobalSection
	GlobalSection(ExtensibilityGlobals) = postSolution
		SolutionGuid = {C695894E-A966-43ED-BC85-0E3964CD7950}
	EndGlobalSection
EndGlobal
